{
  "requires": true,
  "lockfileVersion": 1,
  "dependencies": {
    "cities.json": {
      "version": "1.1.5",
      "resolved": "https://registry.npmjs.org/cities.json/-/cities.json-1.1.5.tgz",
      "integrity": "sha512-BKge3FmYfYOtN3tBaLfN9QvB7M5dDyjen3aFOn6XwgNASvLDhWTJazAtCvbpDWlpM6YWZXh4TUTsgxOn/n6MbA=="
    },
    "mkdirp": {
      "version": "1.0.3",
      "resolved": "https://registry.npmjs.org/mkdirp/-/mkdirp-1.0.3.tgz",
      "integrity": "sha512-6uCP4Qc0sWsgMLy1EOqqS/3rjDHOEnsStVr/4vtAIK2Y5i2kA7lFFejYrpIyiN9w0pYf4ckeCYT9f1r1P9KX5g=="
    }
  }
}
